<?xml version="1.0" encoding="UTF-8" standalone="yes" ?>
<CodeBlocks_project_file>
   <FileVersion major="1" minor="6" />
   <Project>
      <Option title="OpenTLD" />
      <Option makefile_is_custom="1" />
      <Option compiler="gcc" />
      <Option virtualFolders="CMake Files\;CMake Files\..\;CMake Files\..\..\;CMake Files\..\..\..\;CMake Files\..\..\..\..\;CMake Files\..\..\..\..\..\;CMake Files\..\..\..\..\..\..\;CMake Files\..\..\..\..\..\..\..\;CMake Files\..\..\..\..\..\..\..\..\;CMake Files\..\..\..\..\..\..\..\..\..\;CMake Files\..\..\..\..\..\..\..\..\..\..\;CMake Files\..\..\..\..\..\..\..\..\..\..\..\;CMake Files\..\..\..\..\..\..\..\..\..\..\..\..\;CMake Files\..\..\..\..\..\..\..\..\..\..\..\..\..\;CMake Files\..\..\..\..\..\..\..\..\..\..\..\..\..\usr\;CMake Files\..\..\..\..\..\..\..\..\..\..\..\..\..\usr\share\;CMake Files\..\..\..\..\..\..\..\..\..\..\..\..\..\usr\share\OpenCV\;CMake Files\src\;CMake Files\src\libopentld\;" />
      <Build>
      <Target title="all">
         <Option working_dir="/home/cucumber/workspace/ros/aerostack_catkin_ws/src/aerostack_stack/stack/feature_extraction_system/opentld/ros_opentld/tld_tracker/libopentld" />
         <Option type="4" />
         <MakeCommands>
            <Build command="/usr/bin/make -f &quot;/home/cucumber/workspace/ros/aerostack_catkin_ws/src/aerostack_stack/stack/feature_extraction_system/opentld/ros_opentld/tld_tracker/libopentld/Makefile&quot;  VERBOSE=1 all" />
            <CompileFile command="/usr/bin/make -f &quot;/home/cucumber/workspace/ros/aerostack_catkin_ws/src/aerostack_stack/stack/feature_extraction_system/opentld/ros_opentld/tld_tracker/libopentld/Makefile&quot;  VERBOSE=1 &quot;$file&quot;" />
            <Clean command="/usr/bin/make -f &quot;/home/cucumber/workspace/ros/aerostack_catkin_ws/src/aerostack_stack/stack/feature_extraction_system/opentld/ros_opentld/tld_tracker/libopentld/Makefile&quot;  VERBOSE=1 clean" />
            <DistClean command="/usr/bin/make -f &quot;/home/cucumber/workspace/ros/aerostack_catkin_ws/src/aerostack_stack/stack/feature_extraction_system/opentld/ros_opentld/tld_tracker/libopentld/Makefile&quot;  VERBOSE=1 clean" />
         </MakeCommands>
      </Target>
      <Target title="edit_cache">
         <Option working_dir="/home/cucumber/workspace/ros/aerostack_catkin_ws/src/aerostack_stack/stack/feature_extraction_system/opentld/ros_opentld/tld_tracker/libopentld" />
         <Option type="4" />
         <MakeCommands>
            <Build command="/usr/bin/make -f &quot;/home/cucumber/workspace/ros/aerostack_catkin_ws/src/aerostack_stack/stack/feature_extraction_system/opentld/ros_opentld/tld_tracker/libopentld/Makefile&quot;  VERBOSE=1 edit_cache" />
            <CompileFile command="/usr/bin/make -f &quot;/home/cucumber/workspace/ros/aerostack_catkin_ws/src/aerostack_stack/stack/feature_extraction_system/opentld/ros_opentld/tld_tracker/libopentld/Makefile&quot;  VERBOSE=1 &quot;$file&quot;" />
            <Clean command="/usr/bin/make -f &quot;/home/cucumber/workspace/ros/aerostack_catkin_ws/src/aerostack_stack/stack/feature_extraction_system/opentld/ros_opentld/tld_tracker/libopentld/Makefile&quot;  VERBOSE=1 clean" />
            <DistClean command="/usr/bin/make -f &quot;/home/cucumber/workspace/ros/aerostack_catkin_ws/src/aerostack_stack/stack/feature_extraction_system/opentld/ros_opentld/tld_tracker/libopentld/Makefile&quot;  VERBOSE=1 clean" />
         </MakeCommands>
      </Target>
      <Target title="rebuild_cache">
         <Option working_dir="/home/cucumber/workspace/ros/aerostack_catkin_ws/src/aerostack_stack/stack/feature_extraction_system/opentld/ros_opentld/tld_tracker/libopentld" />
         <Option type="4" />
         <MakeCommands>
            <Build command="/usr/bin/make -f &quot;/home/cucumber/workspace/ros/aerostack_catkin_ws/src/aerostack_stack/stack/feature_extraction_system/opentld/ros_opentld/tld_tracker/libopentld/Makefile&quot;  VERBOSE=1 rebuild_cache" />
            <CompileFile command="/usr/bin/make -f &quot;/home/cucumber/workspace/ros/aerostack_catkin_ws/src/aerostack_stack/stack/feature_extraction_system/opentld/ros_opentld/tld_tracker/libopentld/Makefile&quot;  VERBOSE=1 &quot;$file&quot;" />
            <Clean command="/usr/bin/make -f &quot;/home/cucumber/workspace/ros/aerostack_catkin_ws/src/aerostack_stack/stack/feature_extraction_system/opentld/ros_opentld/tld_tracker/libopentld/Makefile&quot;  VERBOSE=1 clean" />
            <DistClean command="/usr/bin/make -f &quot;/home/cucumber/workspace/ros/aerostack_catkin_ws/src/aerostack_stack/stack/feature_extraction_system/opentld/ros_opentld/tld_tracker/libopentld/Makefile&quot;  VERBOSE=1 clean" />
         </MakeCommands>
      </Target>
      <Target title="libopentld">
         <Option output="/home/cucumber/workspace/ros/aerostack_catkin_ws/src/aerostack_stack/stack/feature_extraction_system/opentld/ros_opentld/tld_tracker/libopentld/src/libopentld/liblibopentld.a" prefix_auto="0" extension_auto="0" />
         <Option working_dir="/home/cucumber/workspace/ros/aerostack_catkin_ws/src/aerostack_stack/stack/feature_extraction_system/opentld/ros_opentld/tld_tracker/libopentld/src/libopentld" />
         <Option object_output="./" />
         <Option type="2" />
         <Option compiler="gcc" />
         <Compiler>
            <Add directory="/home/cucumber/workspace/ros/aerostack_catkin_ws/src/aerostack_stack/stack/feature_extraction_system/opentld/ros_opentld/tld_tracker/libopentld/src/libopentld/imacq" />
            <Add directory="/home/cucumber/workspace/ros/aerostack_catkin_ws/src/aerostack_stack/stack/feature_extraction_system/opentld/ros_opentld/tld_tracker/libopentld/src/libopentld/mftracker" />
            <Add directory="/home/cucumber/workspace/ros/aerostack_catkin_ws/src/aerostack_stack/stack/feature_extraction_system/opentld/ros_opentld/tld_tracker/libopentld/src/libopentld/tld" />
            <Add directory="/usr/include/opencv" />
         </Compiler>
         <MakeCommands>
            <Build command="/usr/bin/make -f &quot;/home/cucumber/workspace/ros/aerostack_catkin_ws/src/aerostack_stack/stack/feature_extraction_system/opentld/ros_opentld/tld_tracker/libopentld/src/libopentld/Makefile&quot;  VERBOSE=1 libopentld" />
            <CompileFile command="/usr/bin/make -f &quot;/home/cucumber/workspace/ros/aerostack_catkin_ws/src/aerostack_stack/stack/feature_extraction_system/opentld/ros_opentld/tld_tracker/libopentld/src/libopentld/Makefile&quot;  VERBOSE=1 &quot;$file&quot;" />
            <Clean command="/usr/bin/make -f &quot;/home/cucumber/workspace/ros/aerostack_catkin_ws/src/aerostack_stack/stack/feature_extraction_system/opentld/ros_opentld/tld_tracker/libopentld/src/libopentld/Makefile&quot;  VERBOSE=1 clean" />
            <DistClean command="/usr/bin/make -f &quot;/home/cucumber/workspace/ros/aerostack_catkin_ws/src/aerostack_stack/stack/feature_extraction_system/opentld/ros_opentld/tld_tracker/libopentld/src/libopentld/Makefile&quot;  VERBOSE=1 clean" />
         </MakeCommands>
      </Target>
      <Target title="libopentld/fast">
         <Option output="/home/cucumber/workspace/ros/aerostack_catkin_ws/src/aerostack_stack/stack/feature_extraction_system/opentld/ros_opentld/tld_tracker/libopentld/src/libopentld/liblibopentld.a" prefix_auto="0" extension_auto="0" />
         <Option working_dir="/home/cucumber/workspace/ros/aerostack_catkin_ws/src/aerostack_stack/stack/feature_extraction_system/opentld/ros_opentld/tld_tracker/libopentld/src/libopentld" />
         <Option object_output="./" />
         <Option type="2" />
         <Option compiler="gcc" />
         <Compiler>
            <Add directory="/home/cucumber/workspace/ros/aerostack_catkin_ws/src/aerostack_stack/stack/feature_extraction_system/opentld/ros_opentld/tld_tracker/libopentld/src/libopentld/imacq" />
            <Add directory="/home/cucumber/workspace/ros/aerostack_catkin_ws/src/aerostack_stack/stack/feature_extraction_system/opentld/ros_opentld/tld_tracker/libopentld/src/libopentld/mftracker" />
            <Add directory="/home/cucumber/workspace/ros/aerostack_catkin_ws/src/aerostack_stack/stack/feature_extraction_system/opentld/ros_opentld/tld_tracker/libopentld/src/libopentld/tld" />
            <Add directory="/usr/include/opencv" />
         </Compiler>
         <MakeCommands>
            <Build command="/usr/bin/make -f &quot;/home/cucumber/workspace/ros/aerostack_catkin_ws/src/aerostack_stack/stack/feature_extraction_system/opentld/ros_opentld/tld_tracker/libopentld/src/libopentld/Makefile&quot;  VERBOSE=1 libopentld/fast" />
            <CompileFile command="/usr/bin/make -f &quot;/home/cucumber/workspace/ros/aerostack_catkin_ws/src/aerostack_stack/stack/feature_extraction_system/opentld/ros_opentld/tld_tracker/libopentld/src/libopentld/Makefile&quot;  VERBOSE=1 &quot;$file&quot;" />
            <Clean command="/usr/bin/make -f &quot;/home/cucumber/workspace/ros/aerostack_catkin_ws/src/aerostack_stack/stack/feature_extraction_system/opentld/ros_opentld/tld_tracker/libopentld/src/libopentld/Makefile&quot;  VERBOSE=1 clean" />
            <DistClean command="/usr/bin/make -f &quot;/home/cucumber/workspace/ros/aerostack_catkin_ws/src/aerostack_stack/stack/feature_extraction_system/opentld/ros_opentld/tld_tracker/libopentld/src/libopentld/Makefile&quot;  VERBOSE=1 clean" />
         </MakeCommands>
      </Target>
      </Build>
      <Unit filename="/home/cucumber/workspace/ros/aerostack_catkin_ws/src/aerostack_stack/stack/feature_extraction_system/opentld/ros_opentld/tld_tracker/libopentld/src/libopentld/mftracker/BB.cpp">
      </Unit>
      <Unit filename="/home/cucumber/workspace/ros/aerostack_catkin_ws/src/aerostack_stack/stack/feature_extraction_system/opentld/ros_opentld/tld_tracker/libopentld/src/libopentld/mftracker/BBPredict.cpp">
      </Unit>
      <Unit filename="/home/cucumber/workspace/ros/aerostack_catkin_ws/src/aerostack_stack/stack/feature_extraction_system/opentld/ros_opentld/tld_tracker/libopentld/src/libopentld/mftracker/FBTrack.cpp">
      </Unit>
      <Unit filename="/home/cucumber/workspace/ros/aerostack_catkin_ws/src/aerostack_stack/stack/feature_extraction_system/opentld/ros_opentld/tld_tracker/libopentld/src/libopentld/mftracker/Lk.cpp">
      </Unit>
      <Unit filename="/home/cucumber/workspace/ros/aerostack_catkin_ws/src/aerostack_stack/stack/feature_extraction_system/opentld/ros_opentld/tld_tracker/libopentld/src/libopentld/mftracker/Median.cpp">
      </Unit>
      <Unit filename="/home/cucumber/workspace/ros/aerostack_catkin_ws/src/aerostack_stack/stack/feature_extraction_system/opentld/ros_opentld/tld_tracker/libopentld/src/libopentld/tld/Clustering.cpp">
      </Unit>
      <Unit filename="/home/cucumber/workspace/ros/aerostack_catkin_ws/src/aerostack_stack/stack/feature_extraction_system/opentld/ros_opentld/tld_tracker/libopentld/src/libopentld/tld/DetectionResult.cpp">
      </Unit>
      <Unit filename="/home/cucumber/workspace/ros/aerostack_catkin_ws/src/aerostack_stack/stack/feature_extraction_system/opentld/ros_opentld/tld_tracker/libopentld/src/libopentld/tld/DetectorCascade.cpp">
      </Unit>
      <Unit filename="/home/cucumber/workspace/ros/aerostack_catkin_ws/src/aerostack_stack/stack/feature_extraction_system/opentld/ros_opentld/tld_tracker/libopentld/src/libopentld/tld/EnsembleClassifier.cpp">
      </Unit>
      <Unit filename="/home/cucumber/workspace/ros/aerostack_catkin_ws/src/aerostack_stack/stack/feature_extraction_system/opentld/ros_opentld/tld_tracker/libopentld/src/libopentld/tld/ForegroundDetector.cpp">
      </Unit>
      <Unit filename="/home/cucumber/workspace/ros/aerostack_catkin_ws/src/aerostack_stack/stack/feature_extraction_system/opentld/ros_opentld/tld_tracker/libopentld/src/libopentld/tld/MedianFlowTracker.cpp">
      </Unit>
      <Unit filename="/home/cucumber/workspace/ros/aerostack_catkin_ws/src/aerostack_stack/stack/feature_extraction_system/opentld/ros_opentld/tld_tracker/libopentld/src/libopentld/tld/NNClassifier.cpp">
      </Unit>
      <Unit filename="/home/cucumber/workspace/ros/aerostack_catkin_ws/src/aerostack_stack/stack/feature_extraction_system/opentld/ros_opentld/tld_tracker/libopentld/src/libopentld/tld/TLD.cpp">
      </Unit>
      <Unit filename="/home/cucumber/workspace/ros/aerostack_catkin_ws/src/aerostack_stack/stack/feature_extraction_system/opentld/ros_opentld/tld_tracker/libopentld/src/libopentld/tld/TLDUtil.cpp">
      </Unit>
      <Unit filename="/home/cucumber/workspace/ros/aerostack_catkin_ws/src/aerostack_stack/stack/feature_extraction_system/opentld/ros_opentld/tld_tracker/libopentld/src/libopentld/tld/VarianceFilter.cpp">
      </Unit>
      <Unit filename="/home/cucumber/workspace/ros/aerostack_catkin_ws/src/aerostack_stack/stack/feature_extraction_system/opentld/ros_opentld/tld_tracker/libopentld/src/libopentld/mftracker/BB.h">
      </Unit>
      <Unit filename="/home/cucumber/workspace/ros/aerostack_catkin_ws/src/aerostack_stack/stack/feature_extraction_system/opentld/ros_opentld/tld_tracker/libopentld/src/libopentld/mftracker/BBPredict.h">
      </Unit>
      <Unit filename="/home/cucumber/workspace/ros/aerostack_catkin_ws/src/aerostack_stack/stack/feature_extraction_system/opentld/ros_opentld/tld_tracker/libopentld/src/libopentld/mftracker/FBTrack.h">
      </Unit>
      <Unit filename="/home/cucumber/workspace/ros/aerostack_catkin_ws/src/aerostack_stack/stack/feature_extraction_system/opentld/ros_opentld/tld_tracker/libopentld/src/libopentld/mftracker/Lk.h">
      </Unit>
      <Unit filename="/home/cucumber/workspace/ros/aerostack_catkin_ws/src/aerostack_stack/stack/feature_extraction_system/opentld/ros_opentld/tld_tracker/libopentld/src/libopentld/mftracker/Median.h">
      </Unit>
      <Unit filename="/home/cucumber/workspace/ros/aerostack_catkin_ws/src/aerostack_stack/stack/feature_extraction_system/opentld/ros_opentld/tld_tracker/libopentld/src/libopentld/tld/Clustering.h">
      </Unit>
      <Unit filename="/home/cucumber/workspace/ros/aerostack_catkin_ws/src/aerostack_stack/stack/feature_extraction_system/opentld/ros_opentld/tld_tracker/libopentld/src/libopentld/tld/DetectionResult.h">
      </Unit>
      <Unit filename="/home/cucumber/workspace/ros/aerostack_catkin_ws/src/aerostack_stack/stack/feature_extraction_system/opentld/ros_opentld/tld_tracker/libopentld/src/libopentld/tld/DetectorCascade.h">
      </Unit>
      <Unit filename="/home/cucumber/workspace/ros/aerostack_catkin_ws/src/aerostack_stack/stack/feature_extraction_system/opentld/ros_opentld/tld_tracker/libopentld/src/libopentld/tld/EnsembleClassifier.h">
      </Unit>
      <Unit filename="/home/cucumber/workspace/ros/aerostack_catkin_ws/src/aerostack_stack/stack/feature_extraction_system/opentld/ros_opentld/tld_tracker/libopentld/src/libopentld/tld/ForegroundDetector.h">
      </Unit>
      <Unit filename="/home/cucumber/workspace/ros/aerostack_catkin_ws/src/aerostack_stack/stack/feature_extraction_system/opentld/ros_opentld/tld_tracker/libopentld/src/libopentld/tld/IntegralImage.h">
      </Unit>
      <Unit filename="/home/cucumber/workspace/ros/aerostack_catkin_ws/src/aerostack_stack/stack/feature_extraction_system/opentld/ros_opentld/tld_tracker/libopentld/src/libopentld/tld/MedianFlowTracker.h">
      </Unit>
      <Unit filename="/home/cucumber/workspace/ros/aerostack_catkin_ws/src/aerostack_stack/stack/feature_extraction_system/opentld/ros_opentld/tld_tracker/libopentld/src/libopentld/tld/NNClassifier.h">
      </Unit>
      <Unit filename="/home/cucumber/workspace/ros/aerostack_catkin_ws/src/aerostack_stack/stack/feature_extraction_system/opentld/ros_opentld/tld_tracker/libopentld/src/libopentld/tld/NormalizedPatch.h">
      </Unit>
      <Unit filename="/home/cucumber/workspace/ros/aerostack_catkin_ws/src/aerostack_stack/stack/feature_extraction_system/opentld/ros_opentld/tld_tracker/libopentld/src/libopentld/tld/TLD.h">
      </Unit>
      <Unit filename="/home/cucumber/workspace/ros/aerostack_catkin_ws/src/aerostack_stack/stack/feature_extraction_system/opentld/ros_opentld/tld_tracker/libopentld/src/libopentld/tld/TLDUtil.h">
      </Unit>
      <Unit filename="/home/cucumber/workspace/ros/aerostack_catkin_ws/src/aerostack_stack/stack/feature_extraction_system/opentld/ros_opentld/tld_tracker/libopentld/src/libopentld/tld/VarianceFilter.h">
      </Unit>
      <Unit filename="/home/cucumber/workspace/ros/aerostack_catkin_ws/src/aerostack_stack/stack/feature_extraction_system/opentld/ros_opentld/tld_tracker/libopentld/CMakeLists.txt">
          <Option virtualFolder="CMake Files\" />
      </Unit>
      <Unit filename="/home/cucumber/workspace/ros/aerostack_catkin_ws/src/aerostack_stack/stack/feature_extraction_system/opentld/ros_opentld/tld_tracker/libopentld/../../../../../../../../../../../../../usr/share/OpenCV/OpenCVConfig-version.cmake">
          <Option virtualFolder="CMake Files\..\..\..\..\..\..\..\..\..\..\..\..\..\usr\share\OpenCV\" />
      </Unit>
      <Unit filename="/home/cucumber/workspace/ros/aerostack_catkin_ws/src/aerostack_stack/stack/feature_extraction_system/opentld/ros_opentld/tld_tracker/libopentld/../../../../../../../../../../../../../usr/share/OpenCV/OpenCVConfig.cmake">
          <Option virtualFolder="CMake Files\..\..\..\..\..\..\..\..\..\..\..\..\..\usr\share\OpenCV\" />
      </Unit>
      <Unit filename="/home/cucumber/workspace/ros/aerostack_catkin_ws/src/aerostack_stack/stack/feature_extraction_system/opentld/ros_opentld/tld_tracker/libopentld/../../../../../../../../../../../../../usr/share/OpenCV/OpenCVModules.cmake">
          <Option virtualFolder="CMake Files\..\..\..\..\..\..\..\..\..\..\..\..\..\usr\share\OpenCV\" />
      </Unit>
      <Unit filename="/home/cucumber/workspace/ros/aerostack_catkin_ws/src/aerostack_stack/stack/feature_extraction_system/opentld/ros_opentld/tld_tracker/libopentld/../../../../../../../../../../../../../usr/share/OpenCV/OpenCVModules-release.cmake">
          <Option virtualFolder="CMake Files\..\..\..\..\..\..\..\..\..\..\..\..\..\usr\share\OpenCV\" />
      </Unit>
      <Unit filename="/home/cucumber/workspace/ros/aerostack_catkin_ws/src/aerostack_stack/stack/feature_extraction_system/opentld/ros_opentld/tld_tracker/libopentld/src/libopentld/CMakeLists.txt">
          <Option virtualFolder="CMake Files\src\libopentld\" />
      </Unit>
   </Project>
</CodeBlocks_project_file>
